// !$*UTF8*$!
{
	archiveVersion = 1;
	classes = {
	};
	objectVersion = 55;
	objects = {

/* Begin PBXBuildFile section */
		6B67FDF72898191500C39526 /* RMIT_CasinoApp.swift in Sources */ = {isa = PBXBuildFile; fileRef = 6B67FDF62898191500C39526 /* RMIT_CasinoApp.swift */; };
		6B67FDF92898191500C39526 /* ContentView.swift in Sources */ = {isa = PBXBuildFile; fileRef = 6B67FDF82898191500C39526 /* ContentView.swift */; };
		6B67FDFB2898191600C39526 /* Assets.xcassets in Resources */ = {isa = PBXBuildFile; fileRef = 6B67FDFA2898191600C39526 /* Assets.xcassets */; };
		6B67FDFE2898191600C39526 /* Preview Assets.xcassets in Resources */ = {isa = PBXBuildFile; fileRef = 6B67FDFD2898191600C39526 /* Preview Assets.xcassets */; };
		6B67FE0C28982EB100C39526 /* highscore.mp3 in Resources */ = {isa = PBXBuildFile; fileRef = 6B67FE0428982EB100C39526 /* highscore.mp3 */; };
		6B67FE0D28982EB200C39526 /* bet-chip.mp3 in Resources */ = {isa = PBXBuildFile; fileRef = 6B67FE0528982EB100C39526 /* bet-chip.mp3 */; };
		6B67FE0E28982EB200C39526 /* blink.mp3 in Resources */ = {isa = PBXBuildFile; fileRef = 6B67FE0628982EB100C39526 /* blink.mp3 */; };
		6B67FE0F28982EB200C39526 /* gameover.mp3 in Resources */ = {isa = PBXBuildFile; fileRef = 6B67FE0728982EB100C39526 /* gameover.mp3 */; };
		6B67FE1028982EB200C39526 /* winning.mp3 in Resources */ = {isa = PBXBuildFile; fileRef = 6B67FE0828982EB100C39526 /* winning.mp3 */; };
		6B67FE1128982EB200C39526 /* drum-music.mp3 in Resources */ = {isa = PBXBuildFile; fileRef = 6B67FE0928982EB100C39526 /* drum-music.mp3 */; };
		6B67FE1228982EB200C39526 /* ring-up.mp3 in Resources */ = {isa = PBXBuildFile; fileRef = 6B67FE0A28982EB100C39526 /* ring-up.mp3 */; };
		6B67FE1328982EB200C39526 /* spin.mp3 in Resources */ = {isa = PBXBuildFile; fileRef = 6B67FE0B28982EB100C39526 /* spin.mp3 */; };
		6B8A74EC28983A55009E1A17 /* Modifiers.swift in Sources */ = {isa = PBXBuildFile; fileRef = 6B8A74EB28983A55009E1A17 /* Modifiers.swift */; };
		6B8A74EE28983AEF009E1A17 /* LogoView.swift in Sources */ = {isa = PBXBuildFile; fileRef = 6B8A74ED28983AEF009E1A17 /* LogoView.swift */; };
/* End PBXBuildFile section */

/* Begin PBXFileReference section */
		6B67FDF32898191500C39526 /* RMIT Casino.app */ = {isa = PBXFileReference; explicitFileType = wrapper.application; includeInIndex = 0; path = "RMIT Casino.app"; sourceTree = BUILT_PRODUCTS_DIR; };
		6B67FDF62898191500C39526 /* RMIT_CasinoApp.swift */ = {isa = PBXFileReference; lastKnownFileType = sourcecode.swift; path = RMIT_CasinoApp.swift; sourceTree = "<group>"; };
		6B67FDF82898191500C39526 /* ContentView.swift */ = {isa = PBXFileReference; lastKnownFileType = sourcecode.swift; path = ContentView.swift; sourceTree = "<group>"; };
		6B67FDFA2898191600C39526 /* Assets.xcassets */ = {isa = PBXFileReference; lastKnownFileType = folder.assetcatalog; path = Assets.xcassets; sourceTree = "<group>"; };
		6B67FDFD2898191600C39526 /* Preview Assets.xcassets */ = {isa = PBXFileReference; lastKnownFileType = folder.assetcatalog; path = "Preview Assets.xcassets"; sourceTree = "<group>"; };
		6B67FE0428982EB100C39526 /* highscore.mp3 */ = {isa = PBXFileReference; lastKnownFileType = audio.mp3; path = highscore.mp3; sourceTree = "<group>"; };
		6B67FE0528982EB100C39526 /* bet-chip.mp3 */ = {isa = PBXFileReference; lastKnownFileType = audio.mp3; path = "bet-chip.mp3"; sourceTree = "<group>"; };
		6B67FE0628982EB100C39526 /* blink.mp3 */ = {isa = PBXFileReference; lastKnownFileType = audio.mp3; path = blink.mp3; sourceTree = "<group>"; };
		6B67FE0728982EB100C39526 /* gameover.mp3 */ = {isa = PBXFileReference; lastKnownFileType = audio.mp3; path = gameover.mp3; sourceTree = "<group>"; };
		6B67FE0828982EB100C39526 /* winning.mp3 */ = {isa = PBXFileReference; lastKnownFileType = audio.mp3; path = winning.mp3; sourceTree = "<group>"; };
		6B67FE0928982EB100C39526 /* drum-music.mp3 */ = {isa = PBXFileReference; lastKnownFileType = audio.mp3; path = "drum-music.mp3"; sourceTree = "<group>"; };
		6B67FE0A28982EB100C39526 /* ring-up.mp3 */ = {isa = PBXFileReference; lastKnownFileType = audio.mp3; path = "ring-up.mp3"; sourceTree = "<group>"; };
		6B67FE0B28982EB100C39526 /* spin.mp3 */ = {isa = PBXFileReference; lastKnownFileType = audio.mp3; path = spin.mp3; sourceTree = "<group>"; };
		6B8A74EB28983A55009E1A17 /* Modifiers.swift */ = {isa = PBXFileReference; lastKnownFileType = sourcecode.swift; path = Modifiers.swift; sourceTree = "<group>"; };
		6B8A74ED28983AEF009E1A17 /* LogoView.swift */ = {isa = PBXFileReference; lastKnownFileType = sourcecode.swift; path = LogoView.swift; sourceTree = "<group>"; };
/* End PBXFileReference section */

/* Begin PBXFrameworksBuildPhase section */
		6B67FDF02898191500C39526 /* Frameworks */ = {
			isa = PBXFrameworksBuildPhase;
			buildActionMask = 2147483647;
			files = (
			);
			runOnlyForDeploymentPostprocessing = 0;
		};
/* End PBXFrameworksBuildPhase section */

/* Begin PBXGroup section */
		6B67FDEA2898191500C39526 = {
			isa = PBXGroup;
			children = (
				6B67FDF52898191500C39526 /* RMIT Casino */,
				6B67FDF42898191500C39526 /* Products */,
			);
			sourceTree = "<group>";
		};
		6B67FDF42898191500C39526 /* Products */ = {
			isa = PBXGroup;
			children = (
				6B67FDF32898191500C39526 /* RMIT Casino.app */,
			);
			name = Products;
			sourceTree = "<group>";
		};
		6B67FDF52898191500C39526 /* RMIT Casino */ = {
			isa = PBXGroup;
			children = (
				6B67FE1628982F9200C39526 /* Views */,
				6B67FE1528982F8B00C39526 /* Helpers */,
				6B67FE1428982EC500C39526 /* Sounds */,
				6B67FDF62898191500C39526 /* RMIT_CasinoApp.swift */,
				6B67FDFA2898191600C39526 /* Assets.xcassets */,
				6B67FDFC2898191600C39526 /* Preview Content */,
			);
			path = "RMIT Casino";
			sourceTree = "<group>";
		};
		6B67FDFC2898191600C39526 /* Preview Content */ = {
			isa = PBXGroup;
			children = (
				6B67FDFD2898191600C39526 /* Preview Assets.xcassets */,
			);
			path = "Preview Content";
			sourceTree = "<group>";
		};
		6B67FE1428982EC500C39526 /* Sounds */ = {
			isa = PBXGroup;
			children = (
				6B67FE0528982EB100C39526 /* bet-chip.mp3 */,
				6B67FE0628982EB100C39526 /* blink.mp3 */,
				6B67FE0928982EB100C39526 /* drum-music.mp3 */,
				6B67FE0728982EB100C39526 /* gameover.mp3 */,
				6B67FE0428982EB100C39526 /* highscore.mp3 */,
				6B67FE0A28982EB100C39526 /* ring-up.mp3 */,
				6B67FE0B28982EB100C39526 /* spin.mp3 */,
				6B67FE0828982EB100C39526 /* winning.mp3 */,
			);
			path = Sounds;
			sourceTree = "<group>";
		};
		6B67FE1528982F8B00C39526 /* Helpers */ = {
			isa = PBXGroup;
			children = (
				6B8A74EB28983A55009E1A17 /* Modifiers.swift */,
			);
			path = Helpers;
			sourceTree = "<group>";
		};
		6B67FE1628982F9200C39526 /* Views */ = {
			isa = PBXGroup;
			children = (
				6B67FDF82898191500C39526 /* ContentView.swift */,
				6B8A74ED28983AEF009E1A17 /* LogoView.swift */,
			);
			path = Views;
			sourceTree = "<group>";
		};
/* End PBXGroup section */

/* Begin PBXNativeTarget section */
		6B67FDF22898191500C39526 /* RMIT Casino */ = {
			isa = PBXNativeTarget;
			buildConfigurationList = 6B67FE012898191600C39526 /* Build configuration list for PBXNativeTarget "RMIT Casino" */;
			buildPhases = (
				6B67FDEF2898191500C39526 /* Sources */,
				6B67FDF02898191500C39526 /* Frameworks */,
				6B67FDF12898191500C39526 /* Resources */,
			);
			buildRules = (
			);
			dependencies = (
			);
			name = "RMIT Casino";
			productName = "RMIT Casino";
			productReference = 6B67FDF32898191500C39526 /* RMIT Casino.app */;
			productType = "com.apple.product-type.application";
		};
/* End PBXNativeTarget section */

/* Begin PBXProject section */
		6B67FDEB2898191500C39526 /* Project object */ = {
			isa = PBXProject;
			attributes = {
				BuildIndependentTargetsInParallel = 1;
				LastSwiftUpdateCheck = 1340;
				LastUpgradeCheck = 1340;
				TargetAttributes = {
					6B67FDF22898191500C39526 = {
						CreatedOnToolsVersion = 13.4.1;
					};
				};
			};
			buildConfigurationList = 6B67FDEE2898191500C39526 /* Build configuration list for PBXProject "RMIT Casino" */;
			compatibilityVersion = "Xcode 13.0";
			developmentRegion = en;
			hasScannedForEncodings = 0;
			knownRegions = (
				en,
				Base,
			);
			mainGroup = 6B67FDEA2898191500C39526;
			productRefGroup = 6B67FDF42898191500C39526 /* Products */;
			projectDirPath = "";
			projectRoot = "";
			targets = (
				6B67FDF22898191500C39526 /* RMIT Casino */,
			);
		};
/* End PBXProject section */

/* Begin PBXResourcesBuildPhase section */
		6B67FDF12898191500C39526 /* Resources */ = {
			isa = PBXResourcesBuildPhase;
			buildActionMask = 2147483647;
			files = (
				6B67FE0C28982EB100C39526 /* highscore.mp3 in Resources */,
				6B67FDFE2898191600C39526 /* Preview Assets.xcassets in Resources */,
				6B67FE1128982EB200C39526 /* drum-music.mp3 in Resources */,
				6B67FE0F28982EB200C39526 /* gameover.mp3 in Resources */,
				6B67FE1228982EB200C39526 /* ring-up.mp3 in Resources */,
				6B67FE0D28982EB200C39526 /* bet-chip.mp3 in Resources */,
				6B67FE1328982EB200C39526 /* spin.mp3 in Resources */,
				6B67FDFB2898191600C39526 /* Assets.xcassets in Resources */,
				6B67FE0E28982EB200C39526 /* blink.mp3 in Resources */,
				6B67FE1028982EB200C39526 /* winning.mp3 in Resources */,
			);
			runOnlyForDeploymentPostprocessing = 0;
		};
/* End PBXResourcesBuildPhase section */

/* Begin PBXSourcesBuildPhase section */
		6B67FDEF2898191500C39526 /* Sources */ = {
			isa = PBXSourcesBuildPhase;
			buildActionMask = 2147483647;
			files = (
				6B67FDF92898191500C39526 /* ContentView.swift in Sources */,
				6B8A74EE28983AEF009E1A17 /* LogoView.swift in Sources */,
				6B8A74EC28983A55009E1A17 /* Modifiers.swift in Sources */,
				6B67FDF72898191500C39526 /* RMIT_CasinoApp.swift in Sources */,
			);
			runOnlyForDeploymentPostprocessing = 0;
		};
/* End PBXSourcesBuildPhase section */

/* Begin XCBuildConfiguration section */
		6B67FDFF2898191600C39526 /* Debug */ = {
			isa = XCBuildConfiguration;
			buildSettings = {
				ALWAYS_SEARCH_USER_PATHS = NO;
				CLANG_ANALYZER_NONNULL = YES;
				CLANG_ANALYZER_NUMBER_OBJECT_CONVERSION = YES_AGGRESSIVE;
				CLANG_CXX_LANGUAGE_STANDARD = "gnu++17";
				CLANG_ENABLE_MODULES = YES;
				CLANG_ENABLE_OBJC_ARC = YES;
				CLANG_ENABLE_OBJC_WEAK = YES;
				CLANG_WARN_BLOCK_CAPTURE_AUTORELEASING = YES;
				CLANG_WARN_BOOL_CONVERSION = YES;
				CLANG_WARN_COMMA = YES;
				CLANG_WARN_CONSTANT_CONVERSION = YES;
				CLANG_WARN_DEPRECATED_OBJC_IMPLEMENTATIONS = YES;
				CLANG_WARN_DIRECT_OBJC_ISA_USAGE = YES_ERROR;
				CLANG_WARN_DOCUMENTATION_COMMENTS = YES;
				CLANG_WARN_EMPTY_BODY = YES;
				CLANG_WARN_ENUM_CONVERSION = YES;
				CLANG_WARN_INFINITE_RECURSION = YES;
				CLANG_WARN_INT_CONVERSION = YES;
				CLANG_WARN_NON_LITERAL_NULL_CONVERSION = YES;
				CLANG_WARN_OBJC_IMPLICIT_RETAIN_SELF = YES;
				CLANG_WARN_OBJC_LITERAL_CONVERSION = YES;
				CLANG_WARN_OBJC_ROOT_CLASS = YES_ERROR;
				CLANG_WARN_QUOTED_INCLUDE_IN_FRAMEWORK_HEADER = YES;
				CLANG_WARN_RANGE_LOOP_ANALYSIS = YES;
				CLANG_WARN_STRICT_PROTOTYPES = YES;
				CLANG_WARN_SUSPICIOUS_MOVE = YES;
				CLANG_WARN_UNGUARDED_AVAILABILITY = YES_AGGRESSIVE;
				CLANG_WARN_UNREACHABLE_CODE = YES;
				CLANG_WARN__DUPLICATE_METHOD_MATCH = YES;
				COPY_PHASE_STRIP = NO;
				DEBUG_INFORMATION_FORMAT = dwarf;
				ENABLE_STRICT_OBJC_MSGSEND = YES;
				ENABLE_TESTABILITY = YES;
				GCC_C_LANGUAGE_STANDARD = gnu11;
				GCC_DYNAMIC_NO_PIC = NO;
				GCC_NO_COMMON_BLOCKS = YES;
				GCC_OPTIMIZATION_LEVEL = 0;
				GCC_PREPROCESSOR_DEFINITIONS = (
					"DEBUG=1",
					"$(inherited)",
				);
				GCC_WARN_64_TO_32_BIT_CONVERSION = YES;
				GCC_WARN_ABOUT_RETURN_TYPE = YES_ERROR;
				GCC_WARN_UNDECLARED_SELECTOR = YES;
				GCC_WARN_UNINITIALIZED_AUTOS = YES_AGGRESSIVE;
				GCC_WARN_UNUSED_FUNCTION = YES;
				GCC_WARN_UNUSED_VARIABLE = YES;
				IPHONEOS_DEPLOYMENT_TARGET = 15.5;
				MTL_ENABLE_DEBUG_INFO = INCLUDE_SOURCE;
				MTL_FAST_MATH = YES;
				ONLY_ACTIVE_ARCH = YES;
				SDKROOT = iphoneos;
				SWIFT_ACTIVE_COMPILATION_CONDITIONS = DEBUG;
				SWIFT_OPTIMIZATION_LEVEL = "-Onone";
			};
			name = Debug;
		};
		6B67FE002898191600C39526 /* Release */ = {
			isa = XCBuildConfiguration;
			buildSettings = {
				ALWAYS_SEARCH_USER_PATHS = NO;
				CLANG_ANALYZER_NONNULL = YES;
				CLANG_ANALYZER_NUMBER_OBJECT_CONVERSION = YES_AGGRESSIVE;
				CLANG_CXX_LANGUAGE_STANDARD = "gnu++17";
				CLANG_ENABLE_MODULES = YES;
				CLANG_ENABLE_OBJC_ARC = YES;
				CLANG_ENABLE_OBJC_WEAK = YES;
				CLANG_WARN_BLOCK_CAPTURE_AUTORELEASING = YES;
				CLANG_WARN_BOOL_CONVERSION = YES;
				CLANG_WARN_COMMA = YES;
				CLANG_WARN_CONSTANT_CONVERSION = YES;
				CLANG_WARN_DEPRECATED_OBJC_IMPLEMENTATIONS = YES;
				CLANG_WARN_DIRECT_OBJC_ISA_USAGE = YES_ERROR;
				CLANG_WARN_DOCUMENTATION_COMMENTS = YES;
				CLANG_WARN_EMPTY_BODY = YES;
				CLANG_WARN_ENUM_CONVERSION = YES;
				CLANG_WARN_INFINITE_RECURSION = YES;
				CLANG_WARN_INT_CONVERSION = YES;
				CLANG_WARN_NON_LITERAL_NULL_CONVERSION = YES;
				CLANG_WARN_OBJC_IMPLICIT_RETAIN_SELF = YES;
				CLANG_WARN_OBJC_LITERAL_CONVERSION = YES;
				CLANG_WARN_OBJC_ROOT_CLASS = YES_ERROR;
				CLANG_WARN_QUOTED_INCLUDE_IN_FRAMEWORK_HEADER = YES;
				CLANG_WARN_RANGE_LOOP_ANALYSIS = YES;
				CLANG_WARN_STRICT_PROTOTYPES = YES;
				CLANG_WARN_SUSPICIOUS_MOVE = YES;
				CLANG_WARN_UNGUARDED_AVAILABILITY = YES_AGGRESSIVE;
				CLANG_WARN_UNREACHABLE_CODE = YES;
				CLANG_WARN__DUPLICATE_METHOD_MATCH = YES;
				COPY_PHASE_STRIP = NO;
				DEBUG_INFORMATION_FORMAT = "dwarf-with-dsym";
				ENABLE_NS_ASSERTIONS = NO;
				ENABLE_STRICT_OBJC_MSGSEND = YES;
				GCC_C_LANGUAGE_STANDARD = gnu11;
				GCC_NO_COMMON_BLOCKS = YES;
				GCC_WARN_64_TO_32_BIT_CONVERSION = YES;
				GCC_WARN_ABOUT_RETURN_TYPE = YES_ERROR;
				GCC_WARN_UNDECLARED_SELECTOR = YES;
				GCC_WARN_UNINITIALIZED_AUTOS = YES_AGGRESSIVE;
				GCC_WARN_UNUSED_FUNCTION = YES;
				GCC_WARN_UNUSED_VARIABLE = YES;
				IPHONEOS_DEPLOYMENT_TARGET = 15.5;
				MTL_ENABLE_DEBUG_INFO = NO;
				MTL_FAST_MATH = YES;
				SDKROOT = iphoneos;
				SWIFT_COMPILATION_MODE = wholemodule;
				SWIFT_OPTIMIZATION_LEVEL = "-O";
				VALIDATE_PRODUCT = YES;
			};
			name = Release;
		};
		6B67FE022898191600C39526 /* Debug */ = {
			isa = XCBuildConfiguration;
			buildSettings = {
				ASSETCATALOG_COMPILER_APPICON_NAME = AppIcon;
				ASSETCATALOG_COMPILER_GLOBAL_ACCENT_COLOR_NAME = AccentColor;
				CODE_SIGN_STYLE = Automatic;
				CURRENT_PROJECT_VERSION = 1;
				DEVELOPMENT_ASSET_PATHS = "\"RMIT Casino/Preview Content\"";
				DEVELOPMENT_TEAM = 7GL9H6DMF2;
				ENABLE_PREVIEWS = YES;
				GENERATE_INFOPLIST_FILE = YES;
				INFOPLIST_KEY_UIApplicationSceneManifest_Generation = YES;
				INFOPLIST_KEY_UIApplicationSupportsIndirectInputEvents = YES;
				INFOPLIST_KEY_UILaunchScreen_Generation = YES;
				INFOPLIST_KEY_UISupportedInterfaceOrientations_iPad = "UIInterfaceOrientationPortrait UIInterfaceOrientationPortraitUpsideDown UIInterfaceOrientationLandscapeLeft UIInterfaceOrientationLandscapeRight";
				INFOPLIST_KEY_UISupportedInterfaceOrientations_iPhone = "UIInterfaceOrientationPortrait UIInterfaceOrientationLandscapeLeft UIInterfaceOrientationLandscapeRight";
				LD_RUNPATH_SEARCH_PATHS = (
					"$(inherited)",
					"@executable_path/Frameworks",
				);
				MARKETING_VERSION = 1.0;
				PRODUCT_BUNDLE_IDENTIFIER = "vn.edu.rmit.tom.RMIT-Casino";
				PRODUCT_NAME = "$(TARGET_NAME)";
				SWIFT_EMIT_LOC_STRINGS = YES;
				SWIFT_VERSION = 5.0;
				TARGETED_DEVICE_FAMILY = "1,2";
			};
			name = Debug;
		};
		6B67FE032898191600C39526 /* Release */ = {
			isa = XCBuildConfiguration;
			buildSettings = {
				ASSETCATALOG_COMPILER_APPICON_NAME = AppIcon;
				ASSETCATALOG_COMPILER_GLOBAL_ACCENT_COLOR_NAME = AccentColor;
				CODE_SIGN_STYLE = Automatic;
				CURRENT_PROJECT_VERSION = 1;
				DEVELOPMENT_ASSET_PATHS = "\"RMIT Casino/Preview Content\"";
				DEVELOPMENT_TEAM = 7GL9H6DMF2;
				ENABLE_PREVIEWS = YES;
				GENERATE_INFOPLIST_FILE = YES;
				INFOPLIST_KEY_UIApplicationSceneManifest_Generation = YES;
				INFOPLIST_KEY_UIApplicationSupportsIndirectInputEvents = YES;
				INFOPLIST_KEY_UILaunchScreen_Generation = YES;
				INFOPLIST_KEY_UISupportedInterfaceOrientations_iPad = "UIInterfaceOrientationPortrait UIInterfaceOrientationPortraitUpsideDown UIInterfaceOrientationLandscapeLeft UIInterfaceOrientationLandscapeRight";
				INFOPLIST_KEY_UISupportedInterfaceOrientations_iPhone = "UIInterfaceOrientationPortrait UIInterfaceOrientationLandscapeLeft UIInterfaceOrientationLandscapeRight";
				LD_RUNPATH_SEARCH_PATHS = (
					"$(inherited)",
					"@executable_path/Frameworks",
				);
				MARKETING_VERSION = 1.0;
				PRODUCT_BUNDLE_IDENTIFIER = "vn.edu.rmit.tom.RMIT-Casino";
				PRODUCT_NAME = "$(TARGET_NAME)";
				SWIFT_EMIT_LOC_STRINGS = YES;
				SWIFT_VERSION = 5.0;
				TARGETED_DEVICE_FAMILY = "1,2";
			};
			name = Release;
		};
/* End XCBuildConfiguration section */

/* Begin XCConfigurationList section */
		6B67FDEE2898191500C39526 /* Build configuration list for PBXProject "RMIT Casino" */ = {
			isa = XCConfigurationList;
			buildConfigurations = (
				6B67FDFF2898191600C39526 /* Debug */,
				6B67FE002898191600C39526 /* Release */,
			);
			defaultConfigurationIsVisible = 0;
			defaultConfigurationName = Release;
		};
		6B67FE012898191600C39526 /* Build configuration list for PBXNativeTarget "RMIT Casino" */ = {
			isa = XCConfigurationList;
			buildConfigurations = (
				6B67FE022898191600C39526 /* Debug */,
				6B67FE032898191600C39526 /* Release */,
			);
			defaultConfigurationIsVisible = 0;
			defaultConfigurationName = Release;
		};
/* End XCConfigurationList section */
	};
	rootObject = 6B67FDEB2898191500C39526 /* Project object */;
}
